
Microsoft Visual Studio Solution File, Format Version 12.00
# Visual Studio 15
VisualStudioVersion = 15.0.27703.2000
MinimumVisualStudioVersion = 10.0.40219.1
Project("{FAE04EC0-301F-11D3-BF4B-00C04F79EFBC}") = "AIE_PIRATE_PROJECT", "AIE_PIRATE_PROJECT\AIE_PIRATE_PROJECT.csproj", "{697BEC60-F5B7-4D89-AD13-D660AC4EED2D}"
EndProject
Global
	GlobalSection(SolutionConfigurationPlatforms) = preSolution
		Debug|Any CPU = Debug|Any CPU
		Release|Any CPU = Release|Any CPU
	EndGlobalSection
	GlobalSection(ProjectConfigurationPlatforms) = postSolution
		{697BEC60-F5B7-4D89-AD13-D660AC4EED2D}.Debug|Any CPU.ActiveCfg = Debug|Any CPU
		{697BEC60-F5B7-4D89-AD13-D660AC4EED2D}.Debug|Any CPU.Build.0 = Debug|Any CPU
		{697BEC60-F5B7-4D89-AD13-D660AC4EED2D}.Release|Any CPU.ActiveCfg = Release|Any CPU
		{697BEC60-F5B7-4D89-AD13-D660AC4EED2D}.Release|Any CPU.Build.0 = Release|Any CPU
	EndGlobalSection
	GlobalSection(SolutionProperties) = preSolution
		HideSolutionNode = FALSE
	EndGlobalSection
	GlobalSection(ExtensibilityGlobals) = postSolution
		SolutionGuid = {A80D2FA4-8267-459E-8A72-949EA8E2509C}
	EndGlobalSection
EndGlobal
